// !$*UTF8*$!
{
	archiveVersion = 1;
	classes = {
	};
	objectVersion = 77;
	objects = {

/* Begin PBXBuildFile section */
		103657F92FBFA5FB0095995B /* AppDelegate.swift in Sources */ = {isa = PBXBuildFile; fileRef = 103657F32FBFA5FB0095995B /* AppDelegate.swift */; };
		103657FA2FBFA5FB0095995B /* SceneDelegate.swift in Sources */ = {isa = PBXBuildFile; fileRef = 103657F62FBFA5FB0095995B /* SceneDelegate.swift */; };
		103657FB2FBFA5FB0095995B /* MainViewController.swift in Sources */ = {isa = PBXBuildFile; fileRef = 103657F72FBFA5FB0095995B /* MainViewController.swift */; };
		103657FC2FBFA5FB0095995B /* Assets.xcassets in Resources */ = {isa = PBXBuildFile; fileRef = 103657F42FBFA5FB0095995B /* Assets.xcassets */; };
		10B0EC4D2FC19BB9006F0B77 /* CustomSlider.swift in Sources */ = {isa = PBXBuildFile; fileRef = 10B0EC4C2FC19BB9006F0B77 /* CustomSlider.swift */; };
		10B0EC512FC19FDF006F0B77 /* AdjustColorModel.swift in Sources */ = {isa = PBXBuildFile; fileRef = 10B0EC502FC19FDF006F0B77 /* AdjustColorModel.swift */; };
		10B0EC552FC1A1E8006F0B77 /* AppLabel.swift in Sources */ = {isa = PBXBuildFile; fileRef = 10B0EC542FC1A1E8006F0B77 /* AppLabel.swift */; };
		10B0EC572FC1DE68006F0B77 /* SliderRowBuilder.swift in Sources */ = {isa = PBXBuildFile; fileRef = 10B0EC562FC1DE68006F0B77 /* SliderRowBuilder.swift */; };
/* End PBXBuildFile section */

/* Begin PBXFileReference section */
		103657DB2FBFA5E30095995B /* Homework_03.app */ = {isa = PBXFileReference; explicitFileType = wrapper.application; includeInIndex = 0; path = Homework_03.app; sourceTree = BUILT_PRODUCTS_DIR; };
		103657F32FBFA5FB0095995B /* AppDelegate.swift */ = {isa = PBXFileReference; lastKnownFileType = sourcecode.swift; path = AppDelegate.swift; sourceTree = "<group>"; };
		103657F42FBFA5FB0095995B /* Assets.xcassets */ = {isa = PBXFileReference; lastKnownFileType = folder.assetcatalog; path = Assets.xcassets; sourceTree = "<group>"; };
		103657F52FBFA5FB0095995B /* Info.plist */ = {isa = PBXFileReference; lastKnownFileType = text.plist.xml; path = Info.plist; sourceTree = "<group>"; };
		103657F62FBFA5FB0095995B /* SceneDelegate.swift */ = {isa = PBXFileReference; lastKnownFileType = sourcecode.swift; path = SceneDelegate.swift; sourceTree = "<group>"; };
		103657F72FBFA5FB0095995B /* MainViewController.swift */ = {isa = PBXFileReference; lastKnownFileType = sourcecode.swift; path = MainViewController.swift; sourceTree = "<group>"; };
		10B0EC4C2FC19BB9006F0B77 /* CustomSlider.swift */ = {isa = PBXFileReference; lastKnownFileType = sourcecode.swift; path = CustomSlider.swift; sourceTree = "<group>"; };
		10B0EC502FC19FDF006F0B77 /* AdjustColorModel.swift */ = {isa = PBXFileReference; lastKnownFileType = sourcecode.swift; path = AdjustColorModel.swift; sourceTree = "<group>"; };
		10B0EC542FC1A1E8006F0B77 /* AppLabel.swift */ = {isa = PBXFileReference; lastKnownFileType = sourcecode.swift; path = AppLabel.swift; sourceTree = "<group>"; };
		10B0EC562FC1DE68006F0B77 /* SliderRowBuilder.swift */ = {isa = PBXFileReference; lastKnownFileType = sourcecode.swift; path = SliderRowBuilder.swift; sourceTree = "<group>"; };
/* End PBXFileReference section */

/* Begin PBXFrameworksBuildPhase section */
		103657D82FBFA5E30095995B /* Frameworks */ = {
			isa = PBXFrameworksBuildPhase;
			buildActionMask = 2147483647;
			files = (
			);
			runOnlyForDeploymentPostprocessing = 0;
		};
/* End PBXFrameworksBuildPhase section */

/* Begin PBXGroup section */
		103657D22FBFA5E30095995B = {
			isa = PBXGroup;
			children = (
				103657F82FBFA5FB0095995B /* Homework_03 */,
				103657DC2FBFA5E30095995B /* Products */,
			);
			sourceTree = "<group>";
		};
		103657DC2FBFA5E30095995B /* Products */ = {
			isa = PBXGroup;
			children = (
				103657DB2FBFA5E30095995B /* Homework_03.app */,
			);
			name = Products;
			sourceTree = "<group>";
		};
		103657F82FBFA5FB0095995B /* Homework_03 */ = {
			isa = PBXGroup;
			children = (
				10B0EC522FC19FF9006F0B77 /* App */,
				10B0EC4F2FC19FB2006F0B77 /* Model */,
				10B0EC4B2FC19BA1006F0B77 /* View */,
				10B0EC4E2FC19E6C006F0B77 /* Controller */,
				10B0EC532FC1A006006F0B77 /* Resources */,
			);
			path = Homework_03;
			sourceTree = "<group>";
		};
		10B0EC4B2FC19BA1006F0B77 /* View */ = {
			isa = PBXGroup;
			children = (
				10B0EC4C2FC19BB9006F0B77 /* CustomSlider.swift */,
				10B0EC542FC1A1E8006F0B77 /* AppLabel.swift */,
			);
			path = View;
			sourceTree = "<group>";
		};
		10B0EC4E2FC19E6C006F0B77 /* Controller */ = {
			isa = PBXGroup;
			children = (
				103657F72FBFA5FB0095995B /* MainViewController.swift */,
			);
			path = Controller;
			sourceTree = "<group>";
		};
		10B0EC4F2FC19FB2006F0B77 /* Model */ = {
			isa = PBXGroup;
			children = (
				10B0EC502FC19FDF006F0B77 /* AdjustColorModel.swift */,
				10B0EC562FC1DE68006F0B77 /* SliderRowBuilder.swift */,
			);
			path = Model;
			sourceTree = "<group>";
		};
		10B0EC522FC19FF9006F0B77 /* App */ = {
			isa = PBXGroup;
			children = (
				103657F32FBFA5FB0095995B /* AppDelegate.swift */,
				103657F62FBFA5FB0095995B /* SceneDelegate.swift */,
			);
			path = App;
			sourceTree = "<group>";
		};
		10B0EC532FC1A006006F0B77 /* Resources */ = {
			isa = PBXGroup;
			children = (
				103657F42FBFA5FB0095995B /* Assets.xcassets */,
				103657F52FBFA5FB0095995B /* Info.plist */,
			);
			path = Resources;
			sourceTree = "<group>";
		};
/* End PBXGroup section */

/* Begin PBXNativeTarget section */
		103657DA2FBFA5E30095995B /* Homework_03 */ = {
			isa = PBXNativeTarget;
			buildConfigurationList = 103657EE2FBFA5E30095995B /* Build configuration list for PBXNativeTarget "Homework_03" */;
			buildPhases = (
				103657D72FBFA5E30095995B /* Sources */,
				103657D82FBFA5E30095995B /* Frameworks */,
				103657D92FBFA5E30095995B /* Resources */,
			);
			buildRules = (
			);
			dependencies = (
			);
			name = Homework_03;
			packageProductDependencies = (
			);
			productName = Homework_03;
			productReference = 103657DB2FBFA5E30095995B /* Homework_03.app */;
			productType = "com.apple.product-type.application";
		};
/* End PBXNativeTarget section */

/* Begin PBXProject section */
		103657D32FBFA5E30095995B /* Project object */ = {
			isa = PBXProject;
			attributes = {
				BuildIndependentTargetsInParallel = 1;
				LastSwiftUpdateCheck = 2630;
				LastUpgradeCheck = 2630;
				TargetAttributes = {
					103657DA2FBFA5E30095995B = {
						CreatedOnToolsVersion = 26.3;
					};
				};
			};
			buildConfigurationList = 103657D62FBFA5E30095995B /* Build configuration list for PBXProject "Homework_03" */;
			developmentRegion = en;
			hasScannedForEncodings = 0;
			knownRegions = (
				en,
				Base,
			);
			mainGroup = 103657D22FBFA5E30095995B;
			minimizedProjectReferenceProxies = 1;
			preferredProjectObjectVersion = 77;
			productRefGroup = 103657DC2FBFA5E30095995B /* Products */;
			projectDirPath = "";
			projectRoot = "";
			targets = (
				103657DA2FBFA5E30095995B /* Homework_03 */,
			);
		};
/* End PBXProject section */

/* Begin PBXResourcesBuildPhase section */
		103657D92FBFA5E30095995B /* Resources */ = {
			isa = PBXResourcesBuildPhase;
			buildActionMask = 2147483647;
			files = (
				103657FC2FBFA5FB0095995B /* Assets.xcassets in Resources */,
			);
			runOnlyForDeploymentPostprocessing = 0;
		};
/* End PBXResourcesBuildPhase section */

/* Begin PBXSourcesBuildPhase section */
		103657D72FBFA5E30095995B /* Sources */ = {
			isa = PBXSourcesBuildPhase;
			buildActionMask = 2147483647;
			files = (
				103657F92FBFA5FB0095995B /* AppDelegate.swift in Sources */,
				103657FA2FBFA5FB0095995B /* SceneDelegate.swift in Sources */,
				103657FB2FBFA5FB0095995B /* MainViewController.swift in Sources */,
				10B0EC572FC1DE68006F0B77 /* SliderRowBuilder.swift in Sources */,
				10B0EC4D2FC19BB9006F0B77 /* CustomSlider.swift in Sources */,
				10B0EC552FC1A1E8006F0B77 /* AppLabel.swift in Sources */,
				10B0EC512FC19FDF006F0B77 /* AdjustColorModel.swift in Sources */,
			);
			runOnlyForDeploymentPostprocessing = 0;
		};
/* End PBXSourcesBuildPhase section */

/* Begin XCBuildConfiguration section */
		103657EF2FBFA5E30095995B /* Debug */ = {
			isa = XCBuildConfiguration;
			buildSettings = {
				ASSETCATALOG_COMPILER_APPICON_NAME = AppIcon;
				ASSETCATALOG_COMPILER_GLOBAL_ACCENT_COLOR_NAME = AccentColor;
				CODE_SIGN_STYLE = Automatic;
				CURRENT_PROJECT_VERSION = 1;
				DEVELOPMENT_TEAM = ZW85ZS75QC;
				GENERATE_INFOPLIST_FILE = YES;
				INFOPLIST_FILE = Homework_03/Resources/Info.plist;
				INFOPLIST_KEY_UIApplicationSupportsIndirectInputEvents = YES;
				INFOPLIST_KEY_UILaunchStoryboardName = LaunchScreen;
				INFOPLIST_KEY_UISupportedInterfaceOrientations = "UIInterfaceOrientationLandscapeLeft UIInterfaceOrientationLandscapeRight UIInterfaceOrientationPortrait";
				INFOPLIST_KEY_UISupportedInterfaceOrientations_iPad = "UIInterfaceOrientationLandscapeLeft UIInterfaceOrientationLandscapeRight UIInterfaceOrientationPortrait UIInterfaceOrientationPortraitUpsideDown";
				IPHONEOS_DEPLOYMENT_TARGET = 15.6;
				LD_RUNPATH_SEARCH_PATHS = (
					"$(inherited)",
					"@executable_path/Frameworks",
				);
				MARKETING_VERSION = 1.0;
				PRODUCT_BUNDLE_IDENTIFIER = "dev.mobinson.Homework-03";
				PRODUCT_NAME = "$(TARGET_NAME)";
				STRING_CATALOG_GENERATE_SYMBOLS = YES;
				SUPPORTED_PLATFORMS = "iphoneos iphonesimulator";
				SUPPORTS_MACCATALYST = NO;
				SUPPORTS_MAC_DESIGNED_FOR_IPHONE_IPAD = NO;
				SUPPORTS_XR_DESIGNED_FOR_IPHONE_IPAD = NO;
				SWIFT_APPROACHABLE_CONCURRENCY = YES;
				SWIFT_DEFAULT_ACTOR_ISOLATION = MainActor;
				SWIFT_EMIT_LOC_STRINGS = YES;
				SWIFT_UPCOMING_FEATURE_MEMBER_IMPORT_VISIBILITY = YES;
				SWIFT_VERSION = 5.0;
				TARGETED_DEVICE_FAMILY = 1;
			};
			name = Debug;
		};
		103657F02FBFA5E30095995B /* Release */ = {
			isa = XCBuildConfiguration;
			buildSettings = {
				ASSETCATALOG_COMPILER_APPICON_NAME = AppIcon;
				ASSETCATALOG_COMPILER_GLOBAL_ACCENT_COLOR_NAME = AccentColor;
				CODE_SIGN_STYLE = Automatic;
				CURRENT_PROJECT_VERSION = 1;
				DEVELOPMENT_TEAM = ZW85ZS75QC;
				GENERATE_INFOPLIST_FILE = YES;
				INFOPLIST_FILE = Homework_03/Resources/Info.plist;
				INFOPLIST_KEY_UIApplicationSupportsIndirectInputEvents = YES;
				INFOPLIST_KEY_UILaunchStoryboardName = LaunchScreen;
				INFOPLIST_KEY_UISupportedInterfaceOrientations = "UIInterfaceOrientationLandscapeLeft UIInterfaceOrientationLandscapeRight UIInterfaceOrientationPortrait";
				INFOPLIST_KEY_UISupportedInterfaceOrientations_iPad = "UIInterfaceOrientationLandscapeLeft UIInterfaceOrientationLandscapeRight UIInterfaceOrientationPortrait UIInterfaceOrientationPortraitUpsideDown";
				IPHONEOS_DEPLOYMENT_TARGET = 15.6;
				LD_RUNPATH_SEARCH_PATHS = (
					"$(inherited)",
					"@executable_path/Frameworks",
				);
				MARKETING_VERSION = 1.0;
				PRODUCT_BUNDLE_IDENTIFIER = "dev.mobinson.Homework-03";
				PRODUCT_NAME = "$(TARGET_NAME)";
				STRING_CATALOG_GENERATE_SYMBOLS = YES;
				SUPPORTED_PLATFORMS = "iphoneos iphonesimulator";
				SUPPORTS_MACCATALYST = NO;
				SUPPORTS_MAC_DESIGNED_FOR_IPHONE_IPAD = NO;
				SUPPORTS_XR_DESIGNED_FOR_IPHONE_IPAD = NO;
				SWIFT_APPROACHABLE_CONCURRENCY = YES;
				SWIFT_DEFAULT_ACTOR_ISOLATION = MainActor;
				SWIFT_EMIT_LOC_STRINGS = YES;
				SWIFT_UPCOMING_FEATURE_MEMBER_IMPORT_VISIBILITY = YES;
				SWIFT_VERSION = 5.0;
				TARGETED_DEVICE_FAMILY = 1;
			};
			name = Release;
		};
		103657F12FBFA5E30095995B /* Debug */ = {
			isa = XCBuildConfiguration;
			buildSettings = {
				ALWAYS_SEARCH_USER_PATHS = NO;
				ASSETCATALOG_COMPILER_GENERATE_SWIFT_ASSET_SYMBOL_EXTENSIONS = YES;
				CLANG_ANALYZER_NONNULL = YES;
				CLANG_ANALYZER_NUMBER_OBJECT_CONVERSION = YES_AGGRESSIVE;
				CLANG_CXX_LANGUAGE_STANDARD = "gnu++20";
				CLANG_ENABLE_MODULES = YES;
				CLANG_ENABLE_OBJC_ARC = YES;
				CLANG_ENABLE_OBJC_WEAK = YES;
				CLANG_WARN_BLOCK_CAPTURE_AUTORELEASING = YES;
				CLANG_WARN_BOOL_CONVERSION = YES;
				CLANG_WARN_COMMA = YES;
				CLANG_WARN_CONSTANT_CONVERSION = YES;
				CLANG_WARN_DEPRECATED_OBJC_IMPLEMENTATIONS = YES;
				CLANG_WARN_DIRECT_OBJC_ISA_USAGE = YES_ERROR;
				CLANG_WARN_DOCUMENTATION_COMMENTS = YES;
				CLANG_WARN_EMPTY_BODY = YES;
				CLANG_WARN_ENUM_CONVERSION = YES;
				CLANG_WARN_INFINITE_RECURSION = YES;
				CLANG_WARN_INT_CONVERSION = YES;
				CLANG_WARN_NON_LITERAL_NULL_CONVERSION = YES;
				CLANG_WARN_OBJC_IMPLICIT_RETAIN_SELF = YES;
				CLANG_WARN_OBJC_LITERAL_CONVERSION = YES;
				CLANG_WARN_OBJC_ROOT_CLASS = YES_ERROR;
				CLANG_WARN_QUOTED_INCLUDE_IN_FRAMEWORK_HEADER = YES;
				CLANG_WARN_RANGE_LOOP_ANALYSIS = YES;
				CLANG_WARN_STRICT_PROTOTYPES = YES;
				CLANG_WARN_SUSPICIOUS_MOVE = YES;
				CLANG_WARN_UNGUARDED_AVAILABILITY = YES_AGGRESSIVE;
				CLANG_WARN_UNREACHABLE_CODE = YES;
				CLANG_WARN__DUPLICATE_METHOD_MATCH = YES;
				COPY_PHASE_STRIP = NO;
				DEBUG_INFORMATION_FORMAT = dwarf;
				DEVELOPMENT_TEAM = ZW85ZS75QC;
				ENABLE_STRICT_OBJC_MSGSEND = YES;
				ENABLE_TESTABILITY = YES;
				ENABLE_USER_SCRIPT_SANDBOXING = YES;
				GCC_C_LANGUAGE_STANDARD = gnu17;
				GCC_DYNAMIC_NO_PIC = NO;
				GCC_NO_COMMON_BLOCKS = YES;
				GCC_OPTIMIZATION_LEVEL = 0;
				GCC_PREPROCESSOR_DEFINITIONS = (
					"DEBUG=1",
					"$(inherited)",
				);
				GCC_WARN_64_TO_32_BIT_CONVERSION = YES;
				GCC_WARN_ABOUT_RETURN_TYPE = YES_ERROR;
				GCC_WARN_UNDECLARED_SELECTOR = YES;
				GCC_WARN_UNINITIALIZED_AUTOS = YES_AGGRESSIVE;
				GCC_WARN_UNUSED_FUNCTION = YES;
				GCC_WARN_UNUSED_VARIABLE = YES;
				IPHONEOS_DEPLOYMENT_TARGET = 26.2;
				LOCALIZATION_PREFERS_STRING_CATALOGS = YES;
				MTL_ENABLE_DEBUG_INFO = INCLUDE_SOURCE;
				MTL_FAST_MATH = YES;
				ONLY_ACTIVE_ARCH = YES;
				SDKROOT = iphoneos;
				SWIFT_ACTIVE_COMPILATION_CONDITIONS = "DEBUG $(inherited)";
				SWIFT_OPTIMIZATION_LEVEL = "-Onone";
			};
			name = Debug;
		};
		103657F22FBFA5E30095995B /* Release */ = {
			isa = XCBuildConfiguration;
			buildSettings = {
				ALWAYS_SEARCH_USER_PATHS = NO;
				ASSETCATALOG_COMPILER_GENERATE_SWIFT_ASSET_SYMBOL_EXTENSIONS = YES;
				CLANG_ANALYZER_NONNULL = YES;
				CLANG_ANALYZER_NUMBER_OBJECT_CONVERSION = YES_AGGRESSIVE;
				CLANG_CXX_LANGUAGE_STANDARD = "gnu++20";
				CLANG_ENABLE_MODULES = YES;
				CLANG_ENABLE_OBJC_ARC = YES;
				CLANG_ENABLE_OBJC_WEAK = YES;
				CLANG_WARN_BLOCK_CAPTURE_AUTORELEASING = YES;
				CLANG_WARN_BOOL_CONVERSION = YES;
				CLANG_WARN_COMMA = YES;
				CLANG_WARN_CONSTANT_CONVERSION = YES;
				CLANG_WARN_DEPRECATED_OBJC_IMPLEMENTATIONS = YES;
				CLANG_WARN_DIRECT_OBJC_ISA_USAGE = YES_ERROR;
				CLANG_WARN_DOCUMENTATION_COMMENTS = YES;
				CLANG_WARN_EMPTY_BODY = YES;
				CLANG_WARN_ENUM_CONVERSION = YES;
				CLANG_WARN_INFINITE_RECURSION = YES;
				CLANG_WARN_INT_CONVERSION = YES;
				CLANG_WARN_NON_LITERAL_NULL_CONVERSION = YES;
				CLANG_WARN_OBJC_IMPLICIT_RETAIN_SELF = YES;
				CLANG_WARN_OBJC_LITERAL_CONVERSION = YES;
				CLANG_WARN_OBJC_ROOT_CLASS = YES_ERROR;
				CLANG_WARN_QUOTED_INCLUDE_IN_FRAMEWORK_HEADER = YES;
				CLANG_WARN_RANGE_LOOP_ANALYSIS = YES;
				CLANG_WARN_STRICT_PROTOTYPES = YES;
				CLANG_WARN_SUSPICIOUS_MOVE = YES;
				CLANG_WARN_UNGUARDED_AVAILABILITY = YES_AGGRESSIVE;
				CLANG_WARN_UNREACHABLE_CODE = YES;
				CLANG_WARN__DUPLICATE_METHOD_MATCH = YES;
				COPY_PHASE_STRIP = NO;
				DEBUG_INFORMATION_FORMAT = "dwarf-with-dsym";
				DEVELOPMENT_TEAM = ZW85ZS75QC;
				ENABLE_NS_ASSERTIONS = NO;
				ENABLE_STRICT_OBJC_MSGSEND = YES;
				ENABLE_USER_SCRIPT_SANDBOXING = YES;
				GCC_C_LANGUAGE_STANDARD = gnu17;
				GCC_NO_COMMON_BLOCKS = YES;
				GCC_WARN_64_TO_32_BIT_CONVERSION = YES;
				GCC_WARN_ABOUT_RETURN_TYPE = YES_ERROR;
				GCC_WARN_UNDECLARED_SELECTOR = YES;
				GCC_WARN_UNINITIALIZED_AUTOS = YES_AGGRESSIVE;
				GCC_WARN_UNUSED_FUNCTION = YES;
				GCC_WARN_UNUSED_VARIABLE = YES;
				IPHONEOS_DEPLOYMENT_TARGET = 26.2;
				LOCALIZATION_PREFERS_STRING_CATALOGS = YES;
				MTL_ENABLE_DEBUG_INFO = NO;
				MTL_FAST_MATH = YES;
				SDKROOT = iphoneos;
				SWIFT_COMPILATION_MODE = wholemodule;
				VALIDATE_PRODUCT = YES;
			};
			name = Release;
		};
/* End XCBuildConfiguration section */

/* Begin XCConfigurationList section */
		103657D62FBFA5E30095995B /* Build configuration list for PBXProject "Homework_03" */ = {
			isa = XCConfigurationList;
			buildConfigurations = (
				103657F12FBFA5E30095995B /* Debug */,
				103657F22FBFA5E30095995B /* Release */,
			);
			defaultConfigurationIsVisible = 0;
			defaultConfigurationName = Release;
		};
		103657EE2FBFA5E30095995B /* Build configuration list for PBXNativeTarget "Homework_03" */ = {
			isa = XCConfigurationList;
			buildConfigurations = (
				103657EF2FBFA5E30095995B /* Debug */,
				103657F02FBFA5E30095995B /* Release */,
			);
			defaultConfigurationIsVisible = 0;
			defaultConfigurationName = Release;
		};
/* End XCConfigurationList section */
	};
	rootObject = 103657D32FBFA5E30095995B /* Project object */;
}
